
Microsoft Visual Studio Solution File, Format Version 12.00
# Visual Studio 2013
VisualStudioVersion = 12.0.31101.0
MinimumVisualStudioVersion = 10.0.40219.1
Project("{FAE04EC0-301F-11D3-BF4B-00C04F79EFBC}") = "CoAP-Analyzer-Server", "CoAP-Analyzer-Server\CoAP-Analyzer-Server.csproj", "{0DCD0844-F021-44D2-BBF6-A2F960A59AD6}"
EndProject
Project("{FAE04EC0-301F-11D3-BF4B-00C04F79EFBC}") = "CoAp-Analyzer-GUI", "CoAp-Analyzer-GUI\CoAp-Analyzer-GUI.csproj", "{51CFFB6B-2A16-4855-896F-A8F8927A5019}"
	ProjectSection(ProjectDependencies) = postProject
		{55957699-F124-4891-B7ED-F4F2D935698E} = {55957699-F124-4891-B7ED-F4F2D935698E}
	EndProjectSection
EndProject
Project("{FAE04EC0-301F-11D3-BF4B-00C04F79EFBC}") = "CoAP-Analyzer-Client", "CoAP-Analyzer-Client\CoAP-Analyzer-Client.csproj", "{55957699-F124-4891-B7ED-F4F2D935698E}"
EndProject
Project("{2150E333-8FDC-42A3-9474-1A3956D46DE8}") = ".nuget", ".nuget", "{03645BE6-928E-497C-8D72-E51A48FBCD53}"
	ProjectSection(SolutionItems) = preProject
		.nuget\packages.config = .nuget\packages.config
	EndProjectSection
EndProject
Global
	GlobalSection(SolutionConfigurationPlatforms) = preSolution
		Debug|Any CPU = Debug|Any CPU
		Release|Any CPU = Release|Any CPU
	EndGlobalSection
	GlobalSection(ProjectConfigurationPlatforms) = postSolution
		{0DCD0844-F021-44D2-BBF6-A2F960A59AD6}.Debug|Any CPU.ActiveCfg = Debug|Any CPU
		{0DCD0844-F021-44D2-BBF6-A2F960A59AD6}.Release|Any CPU.ActiveCfg = Release|Any CPU
		{0DCD0844-F021-44D2-BBF6-A2F960A59AD6}.Release|Any CPU.Build.0 = Release|Any CPU
		{51CFFB6B-2A16-4855-896F-A8F8927A5019}.Debug|Any CPU.ActiveCfg = Debug|Any CPU
		{51CFFB6B-2A16-4855-896F-A8F8927A5019}.Debug|Any CPU.Build.0 = Debug|Any CPU
		{51CFFB6B-2A16-4855-896F-A8F8927A5019}.Release|Any CPU.ActiveCfg = Release|Any CPU
		{51CFFB6B-2A16-4855-896F-A8F8927A5019}.Release|Any CPU.Build.0 = Release|Any CPU
		{55957699-F124-4891-B7ED-F4F2D935698E}.Debug|Any CPU.ActiveCfg = Debug|Any CPU
		{55957699-F124-4891-B7ED-F4F2D935698E}.Debug|Any CPU.Build.0 = Debug|Any CPU
		{55957699-F124-4891-B7ED-F4F2D935698E}.Release|Any CPU.ActiveCfg = Release|Any CPU
		{55957699-F124-4891-B7ED-F4F2D935698E}.Release|Any CPU.Build.0 = Release|Any CPU
	EndGlobalSection
	GlobalSection(SolutionProperties) = preSolution
		HideSolutionNode = FALSE
	EndGlobalSection
EndGlobal
